
Microsoft Visual Studio Solution File, Format Version 12.00
# Visual Studio Version 17
VisualStudioVersion = 17.13.35806.99
MinimumVisualStudioVersion = 10.0.40219.1
Project("{FAE04EC0-301F-11D3-BF4B-00C04F79EFBC}") = "Practical2_INF272", "Practical2_INF272.csproj", "{BB1B0618-FB8F-4742-9D79-011D7CACEF8E}"
EndProject
Global
	GlobalSection(SolutionConfigurationPlatforms) = preSolution
		Debug|Any CPU = Debug|Any CPU
		Release|Any CPU = Release|Any CPU
	EndGlobalSection
	GlobalSection(ProjectConfigurationPlatforms) = postSolution
		{BB1B0618-FB8F-4742-9D79-011D7CACEF8E}.Debug|Any CPU.ActiveCfg = Debug|Any CPU
		{BB1B0618-FB8F-4742-9D79-011D7CACEF8E}.Debug|Any CPU.Build.0 = Debug|Any CPU
		{BB1B0618-FB8F-4742-9D79-011D7CACEF8E}.Release|Any CPU.ActiveCfg = Release|Any CPU
		{BB1B0618-FB8F-4742-9D79-011D7CACEF8E}.Release|Any CPU.Build.0 = Release|Any CPU
	EndGlobalSection
	GlobalSection(SolutionProperties) = preSolution
		HideSolutionNode = FALSE
	EndGlobalSection
	GlobalSection(ExtensibilityGlobals) = postSolution
		SolutionGuid = {A7799208-9DB3-4798-A5E9-C1343D33DA30}
	EndGlobalSection
EndGlobal
